
Microsoft Visual Studio Solution File, Format Version 12.00
# Visual Studio Version 17
VisualStudioVersion = 17.9.34616.47
MinimumVisualStudioVersion = 10.0.40219.1
Project("{FAE04EC0-301F-11D3-BF4B-00C04F79EFBC}") = "CoWorkSpace.Back", "CoWorkSpace.Back\CoWorkSpace.Back.csproj", "{D3E4DFF3-60B3-4350-B07E-ABC9012B3238}"
EndProject
Project("{FAE04EC0-301F-11D3-BF4B-00C04F79EFBC}") = "CoWorkSpace.Front", "CoWorkSpace.Front\CoWorkSpace.Front.csproj", "{2F6F2582-3938-44E1-9705-F87C06E78AE7}"
EndProject
Project("{FAE04EC0-301F-11D3-BF4B-00C04F79EFBC}") = "CoWorkSpace.Shared", "CoWorkSpace.Shared\CoWorkSpace.Shared.csproj", "{541601E0-069E-4FA7-93CA-44C818549388}"
EndProject
Global
	GlobalSection(SolutionConfigurationPlatforms) = preSolution
		Debug|Any CPU = Debug|Any CPU
		Release|Any CPU = Release|Any CPU
	EndGlobalSection
	GlobalSection(ProjectConfigurationPlatforms) = postSolution
		{D3E4DFF3-60B3-4350-B07E-ABC9012B3238}.Debug|Any CPU.ActiveCfg = Debug|Any CPU
		{D3E4DFF3-60B3-4350-B07E-ABC9012B3238}.Debug|Any CPU.Build.0 = Debug|Any CPU
		{D3E4DFF3-60B3-4350-B07E-ABC9012B3238}.Release|Any CPU.ActiveCfg = Release|Any CPU
		{D3E4DFF3-60B3-4350-B07E-ABC9012B3238}.Release|Any CPU.Build.0 = Release|Any CPU
		{2F6F2582-3938-44E1-9705-F87C06E78AE7}.Debug|Any CPU.ActiveCfg = Debug|Any CPU
		{2F6F2582-3938-44E1-9705-F87C06E78AE7}.Debug|Any CPU.Build.0 = Debug|Any CPU
		{2F6F2582-3938-44E1-9705-F87C06E78AE7}.Release|Any CPU.ActiveCfg = Release|Any CPU
		{2F6F2582-3938-44E1-9705-F87C06E78AE7}.Release|Any CPU.Build.0 = Release|Any CPU
		{541601E0-069E-4FA7-93CA-44C818549388}.Debug|Any CPU.ActiveCfg = Debug|Any CPU
		{541601E0-069E-4FA7-93CA-44C818549388}.Debug|Any CPU.Build.0 = Debug|Any CPU
		{541601E0-069E-4FA7-93CA-44C818549388}.Release|Any CPU.ActiveCfg = Release|Any CPU
		{541601E0-069E-4FA7-93CA-44C818549388}.Release|Any CPU.Build.0 = Release|Any CPU
	EndGlobalSection
	GlobalSection(SolutionProperties) = preSolution
		HideSolutionNode = FALSE
	EndGlobalSection
	GlobalSection(ExtensibilityGlobals) = postSolution
		SolutionGuid = {BE5A4FC4-C2F5-4CC5-BA7C-671DE27BCAF2}
	EndGlobalSection
EndGlobal
